{
  "version": 4,
  "terraform_version": "0.12.21",
  "serial": 11,
  "lineage": "44858de0-2e8c-35e4-85ac-8c8a5f3f60a3",
  "outputs": {
    "out_iamuser_test1": {
      "value": {
        "arn": "arn:aws:iam::796922559863:user/iamuser_awsname_1",
        "force_destroy": false,
        "id": "iamuser_awsname_1",
        "name": "iamuser_awsname_1",
        "path": "/",
        "permissions_boundary": null,
        "tags": null,
        "unique_id": "AIDA3TDCJHV3XJ3RLAPVY"
      },
      "type": [
        "object",
        {
          "arn": "string",
          "force_destroy": "bool",
          "id": "string",
          "name": "string",
          "path": "string",
          "permissions_boundary": "string",
          "tags": [
            "map",
            "string"
          ],
          "unique_id": "string"
        }
      ]
    }
  },
  "resources": [
    {
      "mode": "managed",
      "type": "aws_iam_user",
      "name": "iamuser_localid",
      "provider": "provider.aws",
      "instances": [
        {
          "schema_version": 0,
          "attributes": {
            "arn": "arn:aws:iam::796922559863:user/iamuser_awsname_1",
            "force_destroy": false,
            "id": "iamuser_awsname_1",
            "name": "iamuser_awsname_1",
            "path": "/",
            "permissions_boundary": null,
            "tags": null,
            "unique_id": "AIDA3TDCJHV3XJ3RLAPVY"
          },
          "private": "bnVsbA=="
        }
      ]
    }
  ]
}
